
Microsoft Visual Studio Solution File, Format Version 12.00
# Visual Studio Version 17
VisualStudioVersion = 17.9.34616.47
MinimumVisualStudioVersion = 10.0.40219.1
Project("{9A19103F-16F7-4668-BE54-9A1E7A4F7556}") = "One.More.Lib.For.ResultPattern", "One.More.Lib.For.ResultPattern\One.More.Lib.For.ResultPattern.csproj", "{66AF8084-F440-435B-ACFD-F8066CEE5E48}"
EndProject
Project("{FAE04EC0-301F-11D3-BF4B-00C04F79EFBC}") = "One.More.Lib.For.ResultPattern.Test", "One.More.Lib.For.ResultPattern.Test\One.More.Lib.For.ResultPattern.Test.csproj", "{873F3F2C-E747-451F-BD0D-B89770BEE518}"
EndProject
Global
	GlobalSection(SolutionConfigurationPlatforms) = preSolution
		Debug|Any CPU = Debug|Any CPU
		Release|Any CPU = Release|Any CPU
	EndGlobalSection
	GlobalSection(ProjectConfigurationPlatforms) = postSolution
		{66AF8084-F440-435B-ACFD-F8066CEE5E48}.Debug|Any CPU.ActiveCfg = Debug|Any CPU
		{66AF8084-F440-435B-ACFD-F8066CEE5E48}.Debug|Any CPU.Build.0 = Debug|Any CPU
		{66AF8084-F440-435B-ACFD-F8066CEE5E48}.Release|Any CPU.ActiveCfg = Release|Any CPU
		{66AF8084-F440-435B-ACFD-F8066CEE5E48}.Release|Any CPU.Build.0 = Release|Any CPU
		{873F3F2C-E747-451F-BD0D-B89770BEE518}.Debug|Any CPU.ActiveCfg = Debug|Any CPU
		{873F3F2C-E747-451F-BD0D-B89770BEE518}.Debug|Any CPU.Build.0 = Debug|Any CPU
		{873F3F2C-E747-451F-BD0D-B89770BEE518}.Release|Any CPU.ActiveCfg = Release|Any CPU
		{873F3F2C-E747-451F-BD0D-B89770BEE518}.Release|Any CPU.Build.0 = Release|Any CPU
	EndGlobalSection
	GlobalSection(SolutionProperties) = preSolution
		HideSolutionNode = FALSE
	EndGlobalSection
	GlobalSection(ExtensibilityGlobals) = postSolution
		SolutionGuid = {196F9704-41F5-4683-9BE8-450477DD1C52}
	EndGlobalSection
EndGlobal
